
Microsoft Visual Studio Solution File, Format Version 12.00
# Visual Studio 15
VisualStudioVersion = 15.0.26730.16
MinimumVisualStudioVersion = 10.0.40219.1
Project("{FAE04EC0-301F-11D3-BF4B-00C04F79EFBC}") = "BlogProject.Model", "BlogProject.Model\BlogProject.Model.csproj", "{49E24689-CEDF-4F45-BDF7-CD09D75051C4}"
EndProject
Project("{FAE04EC0-301F-11D3-BF4B-00C04F79EFBC}") = "BlogProject.UI.MVC", "BlogProject.UI.MVC\BlogProject.UI.MVC.csproj", "{DDDB68C0-768E-46C3-9375-B5803E80DDF6}"
EndProject
Global
	GlobalSection(SolutionConfigurationPlatforms) = preSolution
		Debug|Any CPU = Debug|Any CPU
		Release|Any CPU = Release|Any CPU
	EndGlobalSection
	GlobalSection(ProjectConfigurationPlatforms) = postSolution
		{49E24689-CEDF-4F45-BDF7-CD09D75051C4}.Debug|Any CPU.ActiveCfg = Debug|Any CPU
		{49E24689-CEDF-4F45-BDF7-CD09D75051C4}.Debug|Any CPU.Build.0 = Debug|Any CPU
		{49E24689-CEDF-4F45-BDF7-CD09D75051C4}.Release|Any CPU.ActiveCfg = Release|Any CPU
		{49E24689-CEDF-4F45-BDF7-CD09D75051C4}.Release|Any CPU.Build.0 = Release|Any CPU
		{DDDB68C0-768E-46C3-9375-B5803E80DDF6}.Debug|Any CPU.ActiveCfg = Debug|Any CPU
		{DDDB68C0-768E-46C3-9375-B5803E80DDF6}.Debug|Any CPU.Build.0 = Debug|Any CPU
		{DDDB68C0-768E-46C3-9375-B5803E80DDF6}.Release|Any CPU.ActiveCfg = Release|Any CPU
		{DDDB68C0-768E-46C3-9375-B5803E80DDF6}.Release|Any CPU.Build.0 = Release|Any CPU
	EndGlobalSection
	GlobalSection(SolutionProperties) = preSolution
		HideSolutionNode = FALSE
	EndGlobalSection
	GlobalSection(ExtensibilityGlobals) = postSolution
		SolutionGuid = {234AC63C-A14F-4A25-A40D-E9331C616726}
	EndGlobalSection
EndGlobal
